
Microsoft Visual Studio Solution File, Format Version 12.00
# Visual Studio Version 17
VisualStudioVersion = 17.2.32630.192
MinimumVisualStudioVersion = 10.0.40219.1
Project("{9A19103F-16F7-4668-BE54-9A1E7A4F7556}") = "PhotographyPortfolio", "PhotographyPortfolio\PhotographyPortfolio.csproj", "{C90E6C35-012B-4334-BCFC-7D0965F2AA46}"
EndProject
Global
	GlobalSection(SolutionConfigurationPlatforms) = preSolution
		Debug|Any CPU = Debug|Any CPU
		Release|Any CPU = Release|Any CPU
	EndGlobalSection
	GlobalSection(ProjectConfigurationPlatforms) = postSolution
		{C90E6C35-012B-4334-BCFC-7D0965F2AA46}.Debug|Any CPU.ActiveCfg = Release|Any CPU
		{C90E6C35-012B-4334-BCFC-7D0965F2AA46}.Debug|Any CPU.Build.0 = Release|Any CPU
		{C90E6C35-012B-4334-BCFC-7D0965F2AA46}.Release|Any CPU.ActiveCfg = Release|Any CPU
		{C90E6C35-012B-4334-BCFC-7D0965F2AA46}.Release|Any CPU.Build.0 = Release|Any CPU
	EndGlobalSection
	GlobalSection(SolutionProperties) = preSolution
		HideSolutionNode = FALSE
	EndGlobalSection
	GlobalSection(ExtensibilityGlobals) = postSolution
		SolutionGuid = {6E733388-078C-49AF-AD2E-C676E832CC63}
	EndGlobalSection
EndGlobal
